{
  "version": 4,
  "terraform_version": "1.0.11",
  "serial": 36,
  "lineage": "1bf8517f-2fd1-a626-b623-ce1b9b8741b9",
  "outputs": {
    "dev-subnet-id": {
      "value": "subnet-028adfd80b0f19c48",
      "type": "string"
    },
    "dev-vpc-id": {
      "value": "vpc-0a54f85d1c7bac41c",
      "type": "string"
    }
  },
  "resources": [
    {
      "mode": "data",
      "type": "aws_vpc",
      "name": "existing_vpc",
      "provider": "provider[\"registry.terraform.io/hashicorp/aws\"]",
      "instances": [
        {
          "schema_version": 0,
          "attributes": {
            "arn": "arn:aws:ec2:us-east-2:147297397650:vpc/vpc-463d3f2e",
            "cidr_block": "172.31.0.0/16",
            "cidr_block_associations": [
              {
                "association_id": "vpc-cidr-assoc-d9969ab1",
                "cidr_block": "172.31.0.0/16",
                "state": "associated"
              }
            ],
            "default": true,
            "dhcp_options_id": "dopt-f4b3549f",
            "enable_dns_hostnames": true,
            "enable_dns_support": true,
            "filter": null,
            "id": "vpc-463d3f2e",
            "instance_tenancy": "default",
            "ipv6_association_id": null,
            "ipv6_cidr_block": null,
            "main_route_table_id": "rtb-c178b3aa",
            "owner_id": "147297397650",
            "state": "available",
            "tags": {}
          },
          "sensitive_attributes": []
        }
      ]
    },
    {
      "mode": "managed",
      "type": "aws_subnet",
      "name": "test_sn-2",
      "provider": "provider[\"registry.terraform.io/hashicorp/aws\"]",
      "instances": [
        {
          "schema_version": 1,
          "attributes": {
            "arn": "arn:aws:ec2:us-east-2:147297397650:subnet/subnet-0a0e5ae8c54653884",
            "assign_ipv6_address_on_creation": false,
            "availability_zone": "us-east-2a",
            "availability_zone_id": "use2-az1",
            "cidr_block": "172.31.48.0/20",
            "customer_owned_ipv4_pool": "",
            "id": "subnet-0a0e5ae8c54653884",
            "ipv6_cidr_block": "",
            "ipv6_cidr_block_association_id": "",
            "map_customer_owned_ip_on_launch": false,
            "map_public_ip_on_launch": false,
            "outpost_arn": "",
            "owner_id": "147297397650",
            "tags": {
              "Name": "sn-2-default"
            },
            "tags_all": {
              "Name": "sn-2-default"
            },
            "timeouts": null,
            "vpc_id": "vpc-463d3f2e"
          },
          "sensitive_attributes": [],
          "private": "eyJlMmJmYjczMC1lY2FhLTExZTYtOGY4OC0zNDM2M2JjN2M0YzAiOnsiY3JlYXRlIjo2MDAwMDAwMDAwMDAsImRlbGV0ZSI6MTIwMDAwMDAwMDAwMH0sInNjaGVtYV92ZXJzaW9uIjoiMSJ9",
          "dependencies": [
            "data.aws_vpc.existing_vpc"
          ]
        }
      ]
    },
    {
      "mode": "managed",
      "type": "aws_vpc",
      "name": "terraform_test",
      "provider": "provider[\"registry.terraform.io/hashicorp/aws\"]",
      "instances": [
        {
          "schema_version": 1,
          "attributes": {
            "arn": "arn:aws:ec2:us-east-2:147297397650:vpc/vpc-0a54f85d1c7bac41c",
            "assign_generated_ipv6_cidr_block": false,
            "cidr_block": "10.10.0.0/24",
            "default_network_acl_id": "acl-00c6baff8b7771ba0",
            "default_route_table_id": "rtb-018c73d2d96c34e77",
            "default_security_group_id": "sg-06f13d66068adde43",
            "dhcp_options_id": "dopt-f4b3549f",
            "enable_classiclink": null,
            "enable_classiclink_dns_support": null,
            "enable_dns_hostnames": false,
            "enable_dns_support": true,
            "id": "vpc-0a54f85d1c7bac41c",
            "instance_tenancy": "default",
            "ipv6_association_id": "",
            "ipv6_cidr_block": "",
            "main_route_table_id": "rtb-018c73d2d96c34e77",
            "owner_id": "147297397650",
            "tags": {
              "Name": "development"
            },
            "tags_all": {
              "Name": "development"
            }
          },
          "sensitive_attributes": [],
          "private": "eyJzY2hlbWFfdmVyc2lvbiI6IjEifQ=="
        }
      ]
    }
  ]
}
